Microsoft Visual Studio Solution File, Format Version 12.00
# Visual Studio 2012
Project("{FAE04EC0-301F-11D3-BF4B-00C04F79EFBC}") = "Pong", "Pong.csproj", "{26A8EC56-2B75-4B27-AB9A-425ADD837777}"
EndProject
Global
	GlobalSection(SolutionConfigurationPlatforms) = preSolution
	Debug|Any CPU = Debug|Any CPU
	ExportDebug|Any CPU = ExportDebug|Any CPU
	ExportRelease|Any CPU = ExportRelease|Any CPU
	EndGlobalSection
	GlobalSection(ProjectConfigurationPlatforms) = postSolution
		{26A8EC56-2B75-4B27-AB9A-425ADD837777}.Debug|Any CPU.ActiveCfg = Debug|Any CPU
		{26A8EC56-2B75-4B27-AB9A-425ADD837777}.Debug|Any CPU.Build.0 = Debug|Any CPU
		{26A8EC56-2B75-4B27-AB9A-425ADD837777}.ExportDebug|Any CPU.ActiveCfg = ExportDebug|Any CPU
		{26A8EC56-2B75-4B27-AB9A-425ADD837777}.ExportDebug|Any CPU.Build.0 = ExportDebug|Any CPU
		{26A8EC56-2B75-4B27-AB9A-425ADD837777}.ExportRelease|Any CPU.ActiveCfg = ExportRelease|Any CPU
		{26A8EC56-2B75-4B27-AB9A-425ADD837777}.ExportRelease|Any CPU.Build.0 = ExportRelease|Any CPU
	EndGlobalSection
EndGlobal
